# This file is autogenerated, do not edit; changes may be undone by the next 'dep ensure'.


[[projects]]
  name = "github.com/aws/aws-sdk-go"
  packages = ["aws","aws/awserr","aws/awsutil","aws/client","aws/client/metadata","aws/corehandlers","aws/credentials","aws/credentials/ec2rolecreds","aws/credentials/endpointcreds","aws/credentials/stscreds","aws/defaults","aws/ec2metadata","aws/endpoints","aws/request","aws/session","aws/signer/v4","internal/shareddefaults","private/protocol","private/protocol/json/jsonutil","private/protocol/jsonrpc","private/protocol/query","private/protocol/query/queryutil","private/protocol/rest","private/protocol/restjson","private/protocol/xml/xmlutil","service/firehose","service/firehose/firehoseiface","service/kinesis","service/kinesis/kinesisiface","service/lambda","service/lambda/lambdaiface","service/sqs","service/sqs/sqsiface","service/sts"]
  revision = "d05c000e0b41647375a4093373eb1301e02c8a4e"
  version = "v1.10.22"

[[projects]]
  branch = "master"
  name = "github.com/beorn7/perks"
  packages = ["quantile"]
  revision = "4c0e84591b9aa9e6dcfdf3e020114cd81f89d5f9"

[[projects]]
  name = "github.com/boltdb/bolt"
  packages = ["."]
  revision = "583e8937c61f1af6513608ccc75c97b6abdf4ff9"
  version = "v1.3.0"

[[projects]]
  branch = "master"
  name = "github.com/bouk/monkey"
  packages = ["."]
  revision = "5df1f207ff77e025801505ae4d903133a0b4353f"

[[projects]]
  name = "github.com/cockroachdb/cmux"
  packages = ["."]
  revision = "112f0506e7743d64a6eb8fedbcff13d9979bbf92"

[[projects]]
  name = "github.com/coreos/etcd"
  packages = ["alarm","auth","auth/authpb","client","clientv3","clientv3/concurrency","compactor","discovery","embed","error","etcdserver","etcdserver/api","etcdserver/api/etcdhttp","etcdserver/api/v2http","etcdserver/api/v2http/httptypes","etcdserver/api/v3client","etcdserver/api/v3election","etcdserver/api/v3election/v3electionpb","etcdserver/api/v3election/v3electionpb/gw","etcdserver/api/v3lock","etcdserver/api/v3lock/v3lockpb","etcdserver/api/v3lock/v3lockpb/gw","etcdserver/api/v3rpc","etcdserver/api/v3rpc/rpctypes","etcdserver/auth","etcdserver/etcdserverpb","etcdserver/etcdserverpb/gw","etcdserver/membership","etcdserver/stats","lease","lease/leasehttp","lease/leasepb","mvcc","mvcc/backend","mvcc/mvccpb","pkg/adt","pkg/contention","pkg/cors","pkg/cpuutil","pkg/crc","pkg/debugutil","pkg/fileutil","pkg/httputil","pkg/idutil","pkg/ioutil","pkg/logutil","pkg/monotime","pkg/netutil","pkg/pathutil","pkg/pbutil","pkg/runtime","pkg/schedule","pkg/srv","pkg/tlsutil","pkg/transport","pkg/types","pkg/wait","proxy/grpcproxy/adapter","raft","raft/raftpb","rafthttp","snap","snap/snappb","store","version","wal","wal/walpb"]
  revision = "f1d7dd87da3e8feab4aaf675b8e29c6a5ed5f58b"
  version = "v3.2.9"

[[projects]]
  name = "github.com/coreos/go-semver"
  packages = ["semver"]
  revision = "8ab6407b697782a06568d4b7f1db25550ec2e4c6"
  version = "v0.2.0"

[[projects]]
  name = "github.com/coreos/go-systemd"
  packages = ["journal"]
  revision = "48702e0da86bd25e76cfef347e2adeb434a0d0a6"
  version = "v14"

[[projects]]
  name = "github.com/coreos/pkg"
  packages = ["capnslog"]
  revision = "3ac0863d7acf3bc44daf49afef8919af12f704ef"
  version = "v3"

[[projects]]
  name = "github.com/davecgh/go-spew"
  packages = ["spew"]
  revision = "346938d642f2ec3594ed81d874461961cd0faa76"
  version = "v1.1.0"

[[projects]]
  name = "github.com/dgrijalva/jwt-go"
  packages = ["."]
  revision = "d2709f9f1f31ebcda9651b03077758c1f3a0018c"
  version = "v3.0.0"

[[projects]]
  name = "github.com/ghodss/yaml"
  packages = ["."]
  revision = "0ca9ea5df5451ffdf184b4428c902747c2c11cd7"
  version = "v1.0.0"

[[projects]]
  name = "github.com/go-ini/ini"
  packages = ["."]
  revision = "c437d20015c2ab6454b7a66a13109ff0fb99e17a"

[[projects]]
  name = "github.com/go-playground/locales"
  packages = [".","currency"]
  revision = "084b0226cf88d891a2bdeccac01d592af13a8f7b"

[[projects]]
  name = "github.com/go-playground/universal-translator"
  packages = ["."]
  revision = "b32fa301c9fe55953584134cb6853a13c87ec0a1"
  version = "v0.16.0"

[[projects]]
  name = "github.com/gogo/protobuf"
  packages = ["proto"]
  revision = "909568be09de550ed094403c2bf8a261b5bb730a"
  version = "v0.3"

[[projects]]
  branch = "master"
  name = "github.com/golang/mock"
  packages = ["gomock"]
  revision = "b3e60bcdc577185fce3cf625fc96b62857ce5574"

[[projects]]
  name = "github.com/golang/protobuf"
  packages = ["jsonpb","proto"]
  revision = "4bd1920723d7b7c925de087aa32e2187708897f7"

[[projects]]
  name = "github.com/google/btree"
  packages = ["."]
  revision = "925471ac9e2131377a91e1595defec898166fe49"

[[projects]]
  name = "github.com/grpc-ecosystem/go-grpc-prometheus"
  packages = ["."]
  revision = "6b7015e65d366bf3f19b2b2a000a831940f0f7e0"
  version = "v1.1"

[[projects]]
  name = "github.com/grpc-ecosystem/grpc-gateway"
  packages = ["runtime","runtime/internal","utilities"]
  revision = "18d159699f2e83fc5bb9ef2f79465ca3f3122676"
  version = "v1.2.0"

[[projects]]
  branch = "master"
  name = "github.com/jinzhu/copier"
  packages = ["."]
  revision = "7e38e58719c33e0d44d585c4ab477a30f8cb82dd"

[[projects]]
  branch = "master"
  name = "github.com/jmespath/go-jmespath"
  packages = ["."]
  revision = "bd40a432e4c76585ef6b72d3fd96fb9b6dc7b68d"

[[projects]]
  name = "github.com/jonboulle/clockwork"
  packages = ["."]
  revision = "2eee05ed794112d45db504eb05aa693efd2b8b09"
  version = "v0.1.0"

[[projects]]
  name = "github.com/julienschmidt/httprouter"
  packages = ["."]
  revision = "8c199fb6259ffc1af525cc3ad52ee60ba8359669"
  version = "v1.1"

[[projects]]
  branch = "master"
  name = "github.com/matttproud/golang_protobuf_extensions"
  packages = ["pbutil"]
  revision = "c12348ce28de40eed0136aa2b644d0ee0650e56c"

[[projects]]
  branch = "master"
  name = "github.com/petar/GoLLRB"
  packages = ["llrb"]
  revision = "53be0d36a84c2a886ca057d34b6aa4468df9ccb4"

[[projects]]
  name = "github.com/pmezard/go-difflib"
  packages = ["difflib"]
  revision = "792786c7400a136282c1664665ae0a8db921c6c2"
  version = "v1.0.0"

[[projects]]
  name = "github.com/prometheus/client_golang"
  packages = ["prometheus","prometheus/promhttp"]
  revision = "c5b7fccd204277076155f10851dad72b76a49317"
  version = "v0.8.0"

[[projects]]
  branch = "master"
  name = "github.com/prometheus/client_model"
  packages = ["go"]
  revision = "6f3806018612930941127f2a7c6c453ba2c527d2"

[[projects]]
  name = "github.com/prometheus/common"
  packages = ["expfmt","internal/bitbucket.org/ww/goautoneg","model"]
  revision = "49fee292b27bfff7f354ee0f64e1bc4850462edf"

[[projects]]
  name = "github.com/prometheus/procfs"
  packages = [".","xfs"]
  revision = "a1dba9ce8baed984a2495b658c82687f8157b98f"

[[projects]]
  name = "github.com/rs/cors"
  packages = ["."]
  revision = "7af7a1e09ba336d2ea14b1ce73bf693c6837dbf6"
  version = "v1.2"

[[projects]]
  name = "github.com/satori/go.uuid"
  packages = ["."]
  revision = "879c5887cd475cd7864858769793b2ceb0d44feb"
  version = "v1.1.0"

[[projects]]
  branch = "master"
  name = "github.com/serverless/libkv"
  packages = [".","store","store/etcd/v3"]
  revision = "816944853bc7b437f669e005a11719630a059270"

[[projects]]
  name = "github.com/stretchr/testify"
  packages = ["assert"]
  revision = "69483b4bd14f5845b5a1e55bca19e954e827f1d0"
  version = "v1.1.4"

[[projects]]
  name = "github.com/ugorji/go"
  packages = ["codec"]
  revision = "ded73eae5db7e7a0ef6f55aace87a2873c5d2b74"

[[projects]]
  name = "github.com/xiang90/probing"
  packages = ["."]
  revision = "07dd2e8dfe18522e9c447ba95f2fe95262f63bb2"
  version = "0.0.1"

[[projects]]
  name = "go.uber.org/atomic"
  packages = ["."]
  revision = "4e336646b2ef9fc6e47be8e21594178f98e5ebcf"
  version = "v1.2.0"

[[projects]]
  name = "go.uber.org/multierr"
  packages = ["."]
  revision = "3c4937480c32f4c13a875a1829af76c98ca3d40a"
  version = "v1.1.0"

[[projects]]
  name = "go.uber.org/zap"
  packages = [".","buffer","internal/bufferpool","internal/color","internal/exit","zapcore"]
  revision = "9d9d6135afe89b6fc4a05e9a8552526caba38048"
  version = "v1.5.0"

[[projects]]
  name = "golang.org/x/crypto"
  packages = ["bcrypt","blowfish"]
  revision = "1351f936d976c60a0a48d728281922cf63eafb8d"

[[projects]]
  name = "golang.org/x/sys"
  packages = ["unix"]
  revision = "e48874b42435b4347fc52bdee0424a52abc974d7"

[[projects]]
  name = "google.golang.org/grpc"
  packages = [".","codes","credentials","grpclog","internal","keepalive","metadata","naming","peer","stats","tap","transport"]
  revision = "8050b9cbc271307e5a716a9d782803d09b0d6f2d"
  version = "v1.2.1"

[[projects]]
  name = "gopkg.in/go-playground/validator.v9"
  packages = ["."]
  revision = "d529ee1b0f30352444f507cc6cdac96bfd12decc"
  version = "v9.6.0"

[[projects]]
  name = "gopkg.in/yaml.v2"
  packages = ["."]
  revision = "cd8b52f8269e0feb286dfeef29f8fe4d5b397e0b"

[solve-meta]
  analyzer-name = "dep"
  analyzer-version = 1
  inputs-digest = "d6373538a2997e117949edecf1a8de3f004aa79782970ba9c3a859d2f36ab9c1"
  solver-name = "gps-cdcl"
  solver-version = 1
